
Microsoft Visual Studio Solution File, Format Version 12.00
# Visual Studio Version 17
VisualStudioVersion = 17.13.35919.96 d17.13
MinimumVisualStudioVersion = 10.0.40219.1
Project("{FAE04EC0-301F-11D3-BF4B-00C04F79EFBC}") = "JenkinsTest", "JenkinsTest\JenkinsTest.csproj", "{7B5A10BA-9821-4C03-AB4C-1C0CC2B528AA}"
EndProject
Global
	GlobalSection(SolutionConfigurationPlatforms) = preSolution
		Debug|Any CPU = Debug|Any CPU
		Release|Any CPU = Release|Any CPU
	EndGlobalSection
	GlobalSection(ProjectConfigurationPlatforms) = postSolution
		{7B5A10BA-9821-4C03-AB4C-1C0CC2B528AA}.Debug|Any CPU.ActiveCfg = Debug|Any CPU
		{7B5A10BA-9821-4C03-AB4C-1C0CC2B528AA}.Debug|Any CPU.Build.0 = Debug|Any CPU
		{7B5A10BA-9821-4C03-AB4C-1C0CC2B528AA}.Release|Any CPU.ActiveCfg = Release|Any CPU
		{7B5A10BA-9821-4C03-AB4C-1C0CC2B528AA}.Release|Any CPU.Build.0 = Release|Any CPU
	EndGlobalSection
	GlobalSection(SolutionProperties) = preSolution
		HideSolutionNode = FALSE
	EndGlobalSection
	GlobalSection(ExtensibilityGlobals) = postSolution
		SolutionGuid = {FD1818DC-7DF3-4D73-9F06-D9502E151D35}
	EndGlobalSection
EndGlobal
